{
  "nodes": {
    "nixpkgs": {
      "locked": {
        "lastModified": 1775712324,
        "narHash": "sha256-tu13PkeAdWXl99jyW5lHGkrSU6o9wmg7tc54Lebsp74=",
        "owner": "NixOS",
        "repo": "nixpkgs",
        "rev": "91daf0ddef94cc1925340f04341893eeedc1fd62",
        "type": "github"
      },
      "original": {
        "owner": "NixOS",
        "repo": "nixpkgs",
        "type": "github"
      }
    },
    "root": {
      "inputs": {
        "nixpkgs": "nixpkgs"
      }
    }
  },
  "root": "root",
  "version": 7
}
